# This file is generated by running "yarn install" inside your project.
# Manual changes might be lost - proceed with caution!

__metadata:
  version: 5
  cacheKey: 8

"@types/node@npm:^16.11.11":
  version: 16.11.11
  resolution: "@types/node@npm:16.11.11"
  checksum: 1c472bd63f23ca0e4effc96e6e0c693b83b027f613a1f41b6d1bd7791f65ce171a351e0a5c92575cb59e84ad0a930875397bfbbb91a7c925ddbbb558f7461af8
  languageName: node
  linkType: hard

"@types/ramda@npm:^0.27.58":
  version: 0.27.58
  resolution: "@types/ramda@npm:0.27.58"
  dependencies:
    ts-toolbelt: ^6.15.1
  checksum: 70f17033573a7d51e7bf4fd32526a26f216a03c15458a541a4da582799b959514c1e36fd0c62cdd0b12c260a40bf222db9da22a5454a59c228f132e9d07d67bb
  languageName: node
  linkType: hard

"ramda@npm:^0.27.1":
  version: 0.27.1
  resolution: "ramda@npm:0.27.1"
  checksum: 31a0c0ef739b2525d7615f84cbb5d3cb89ee0c795469b711f729ea1d8df0dccc3cd75d3717a1e9742d42315ce86435680b7c87743eb7618111c60c144a5b8059
  languageName: node
  linkType: hard

"root-workspace-0b6124@workspace:.":
  version: 0.0.0-use.local
  resolution: "root-workspace-0b6124@workspace:."
  dependencies:
    "@types/node": ^16.11.11
    "@types/ramda": ^0.27.58
    ramda: ^0.27.1
    typescript: ^4.5.2
  languageName: unknown
  linkType: soft

"ts-toolbelt@npm:^6.15.1":
  version: 6.15.5
  resolution: "ts-toolbelt@npm:6.15.5"
  checksum: 24ad00cfd9ce735c76c873a9b1347eac475b94e39ebbdf100c9019dce88dd5f4babed52884cf82bb456a38c28edd0099ab6f704b84b2e5e034852b618472c1f3
  languageName: node
  linkType: hard

"typescript@npm:^4.5.2":
  version: 4.5.2
  resolution: "typescript@npm:4.5.2"
  bin:
    tsc: bin/tsc
    tsserver: bin/tsserver
  checksum: 74f9ce65d532bdf5d0214b3f60cf37992180023388c87a11ee6f838a803067ef0b63c600fa501b0deb07f989257dce1e244c9635ed79feca40bbccf6e0aa1ebc
  languageName: node
  linkType: hard

"typescript@patch:typescript@^4.5.2#~builtin<compat/typescript>":
  version: 4.5.2
  resolution: "typescript@patch:typescript@npm%3A4.5.2#~builtin<compat/typescript>::version=4.5.2&hash=493e53"
  bin:
    tsc: bin/tsc
    tsserver: bin/tsserver
  checksum: 53838d56aba6fcc947d63aa0771e5d966b1b648fddafed6e221d7f38c71219c4e036ece8cfe9e35ed80cf5a35ff4eb958934c993f99c3233773ec4f9ccd53f69
  languageName: node
  linkType: hard
